
Microsoft Visual Studio Solution File, Format Version 12.00
# Visual Studio Version 17
VisualStudioVersion = 17.7.34024.191
MinimumVisualStudioVersion = 10.0.40219.1
Project("{FAE04EC0-301F-11D3-BF4B-00C04F79EFBC}") = "CoreBot1", "CoreBot1\CoreBot1.csproj", "{1A416A50-26BC-4C33-A0A1-7CB01DB1533B}"
EndProject
Global
	GlobalSection(SolutionConfigurationPlatforms) = preSolution
		Debug|Any CPU = Debug|Any CPU
		Release|Any CPU = Release|Any CPU
	EndGlobalSection
	GlobalSection(ProjectConfigurationPlatforms) = postSolution
		{1A416A50-26BC-4C33-A0A1-7CB01DB1533B}.Debug|Any CPU.ActiveCfg = Debug|Any CPU
		{1A416A50-26BC-4C33-A0A1-7CB01DB1533B}.Debug|Any CPU.Build.0 = Debug|Any CPU
		{1A416A50-26BC-4C33-A0A1-7CB01DB1533B}.Release|Any CPU.ActiveCfg = Release|Any CPU
		{1A416A50-26BC-4C33-A0A1-7CB01DB1533B}.Release|Any CPU.Build.0 = Release|Any CPU
	EndGlobalSection
	GlobalSection(SolutionProperties) = preSolution
		HideSolutionNode = FALSE
	EndGlobalSection
	GlobalSection(ExtensibilityGlobals) = postSolution
		SolutionGuid = {21B062DF-BD06-441F-A6E0-FCF2BC406DB3}
	EndGlobalSection
EndGlobal
